
Microsoft Visual Studio Solution File, Format Version 12.00
# Visual Studio Version 16
VisualStudioVersion = 16.0.32901.82
MinimumVisualStudioVersion = 10.0.40219.1
Project("{FAE04EC0-301F-11D3-BF4B-00C04F79EFBC}") = "Workshop", "ConsoleApp1\Workshop.csproj", "{961A11F8-56BB-434B-A87C-223B748774A8}"
EndProject
Project("{FAE04EC0-301F-11D3-BF4B-00C04F79EFBC}") = "Workshop Tests", "Workshop Tests\Workshop Tests.csproj", "{83D53D1A-9476-47B9-A57D-415F9A100121}"
EndProject
Global
	GlobalSection(SolutionConfigurationPlatforms) = preSolution
		Debug|Any CPU = Debug|Any CPU
		Release|Any CPU = Release|Any CPU
	EndGlobalSection
	GlobalSection(ProjectConfigurationPlatforms) = postSolution
		{961A11F8-56BB-434B-A87C-223B748774A8}.Debug|Any CPU.ActiveCfg = Debug|Any CPU
		{961A11F8-56BB-434B-A87C-223B748774A8}.Debug|Any CPU.Build.0 = Debug|Any CPU
		{961A11F8-56BB-434B-A87C-223B748774A8}.Release|Any CPU.ActiveCfg = Release|Any CPU
		{961A11F8-56BB-434B-A87C-223B748774A8}.Release|Any CPU.Build.0 = Release|Any CPU
		{83D53D1A-9476-47B9-A57D-415F9A100121}.Debug|Any CPU.ActiveCfg = Debug|Any CPU
		{83D53D1A-9476-47B9-A57D-415F9A100121}.Debug|Any CPU.Build.0 = Debug|Any CPU
		{83D53D1A-9476-47B9-A57D-415F9A100121}.Release|Any CPU.ActiveCfg = Release|Any CPU
		{83D53D1A-9476-47B9-A57D-415F9A100121}.Release|Any CPU.Build.0 = Release|Any CPU
	EndGlobalSection
	GlobalSection(SolutionProperties) = preSolution
		HideSolutionNode = FALSE
	EndGlobalSection
	GlobalSection(ExtensibilityGlobals) = postSolution
		SolutionGuid = {37A39A1D-4048-4519-B3F4-7A41556A0D2F}
	EndGlobalSection
EndGlobal
